# Alarma despertador
homeassistant:
  customize:
    input_boolean.alarm_clock_status:
      homebridge_hidden: true
      hidden: true
    switch.alarm_clock_status:
      homebridge_name: Despertador LaCafetera
      icon: mdi:toggle-switch
    input_datetime.alarm_clock_time:
      icon: mdi:alarm
    input_datetime.water_boiler_start_time:
      icon: mdi:radiator
    input_datetime.next_special_wake_up:
#      friendly_name: Hora de despertarse
      icon: mdi:alarm
    input_boolean.manual_trigger_lacafetera:
      icon: mdi:play-circle
      homebridge_hidden: true
    input_boolean.use_heater:
#      icon: mdi:play-circle
      homebridge_hidden: true

#Programación despertador:
#    - input_datetime.alarm_clock_time
#    - input_datetime.water_boiler_start_time
#    - input_datetime.next_special_wake_up

input_boolean:
  alarm_clock_status:
    initial: on
  manual_trigger_lacafetera:
    name: Reproduce LaCafetera de Radiocable
    initial: off
  use_heater:
    name: Encendido diario de calentador
    initial: on

input_select:
  room_altavoces:
    name: Selección de altavoces
    options:
     - Dormitorio (Mopidy)
     - Salón (KODI)
    initial: Dormitorio (Mopidy)
    icon: mdi:speaker

input_datetime:
  alarm_clock_time:
    name: Hora de alarma
    has_date: false
    has_time: true

  water_boiler_start_time:
    name: Encendido de calentador
    has_date: false
    has_time: true

  next_special_wake_up:
    name: Siguiente pase de planta
    has_date: true
    has_time: true

switch:
  - platform: template
    switches:
      alarm_clock_status:
        friendly_name: Despertador LaCafetera
        value_template: "{{ states.input_boolean.alarm_clock_status.state == 'on' }}"
        turn_on:
          service: input_boolean.turn_on
          entity_id: input_boolean.alarm_clock_status
        turn_off:
          service: input_boolean.turn_off
          entity_id: input_boolean.alarm_clock_status
